// !$*UTF8*$!
{
	archiveVersion = 1;
	classes = {
	};
	objectVersion = 56;
	objects = {

/* Begin PBXBuildFile section */
		DE641BBA2A77998200DBFC9E /* AppDelegate.swift in Sources */ = {isa = PBXBuildFile; fileRef = DE641BB92A77998200DBFC9E /* AppDelegate.swift */; };
		DE641BBC2A77998200DBFC9E /* SceneDelegate.swift in Sources */ = {isa = PBXBuildFile; fileRef = DE641BBB2A77998200DBFC9E /* SceneDelegate.swift */; };
		DE641BBE2A77998200DBFC9E /* SearchViewController.swift in Sources */ = {isa = PBXBuildFile; fileRef = DE641BBD2A77998200DBFC9E /* SearchViewController.swift */; };
		DE641BC12A77998200DBFC9E /* Main.storyboard in Resources */ = {isa = PBXBuildFile; fileRef = DE641BBF2A77998200DBFC9E /* Main.storyboard */; };
		DE641BC32A77998300DBFC9E /* Assets.xcassets in Resources */ = {isa = PBXBuildFile; fileRef = DE641BC22A77998300DBFC9E /* Assets.xcassets */; };
		DE641BC62A77998300DBFC9E /* LaunchScreen.storyboard in Resources */ = {isa = PBXBuildFile; fileRef = DE641BC42A77998300DBFC9E /* LaunchScreen.storyboard */; };
		DE641BCE2A779A0300DBFC9E /* BookWARMCollectionViewController.swift in Sources */ = {isa = PBXBuildFile; fileRef = DE641BCD2A779A0300DBFC9E /* BookWARMCollectionViewController.swift */; };
		DE641BD32A779A4000DBFC9E /* BookCollectionViewCell.swift in Sources */ = {isa = PBXBuildFile; fileRef = DE641BD12A779A4000DBFC9E /* BookCollectionViewCell.swift */; };
		DE641BD42A779A4000DBFC9E /* BookCollectionViewCell.xib in Resources */ = {isa = PBXBuildFile; fileRef = DE641BD22A779A4000DBFC9E /* BookCollectionViewCell.xib */; };
		DE641BD62A779AAB00DBFC9E /* MovieInfo.swift in Sources */ = {isa = PBXBuildFile; fileRef = DE641BD52A779AAB00DBFC9E /* MovieInfo.swift */; };
		DE641BD82A779ACD00DBFC9E /* Movie.swift in Sources */ = {isa = PBXBuildFile; fileRef = DE641BD72A779ACC00DBFC9E /* Movie.swift */; };
		DE72A57E2A77B1B1003E734E /* DetailViewController.swift in Sources */ = {isa = PBXBuildFile; fileRef = DE72A57D2A77B1B1003E734E /* DetailViewController.swift */; };
		DE8164132A7A87FC00E9CBA0 /* DiscoverViewController.swift in Sources */ = {isa = PBXBuildFile; fileRef = DE8164122A7A87FC00E9CBA0 /* DiscoverViewController.swift */; };
		DEB669DB2A7A91720088ADCF /* PopularMovieTableViewCell.swift in Sources */ = {isa = PBXBuildFile; fileRef = DEB669D92A7A91720088ADCF /* PopularMovieTableViewCell.swift */; };
		DEB669DC2A7A91720088ADCF /* PopularMovieTableViewCell.xib in Resources */ = {isa = PBXBuildFile; fileRef = DEB669DA2A7A91720088ADCF /* PopularMovieTableViewCell.xib */; };
		DEB669DF2A7A930D0088ADCF /* RecentMovieCollectionViewCell.swift in Sources */ = {isa = PBXBuildFile; fileRef = DEB669DD2A7A930D0088ADCF /* RecentMovieCollectionViewCell.swift */; };
		DEB669E02A7A930D0088ADCF /* RecentMovieCollectionViewCell.xib in Resources */ = {isa = PBXBuildFile; fileRef = DEB669DE2A7A930D0088ADCF /* RecentMovieCollectionViewCell.xib */; };
/* End PBXBuildFile section */

/* Begin PBXFileReference section */
		DE641BB62A77998200DBFC9E /* BOOKWARM.app */ = {isa = PBXFileReference; explicitFileType = wrapper.application; includeInIndex = 0; path = BOOKWARM.app; sourceTree = BUILT_PRODUCTS_DIR; };
		DE641BB92A77998200DBFC9E /* AppDelegate.swift */ = {isa = PBXFileReference; lastKnownFileType = sourcecode.swift; path = AppDelegate.swift; sourceTree = "<group>"; };
		DE641BBB2A77998200DBFC9E /* SceneDelegate.swift */ = {isa = PBXFileReference; lastKnownFileType = sourcecode.swift; path = SceneDelegate.swift; sourceTree = "<group>"; };
		DE641BBD2A77998200DBFC9E /* SearchViewController.swift */ = {isa = PBXFileReference; lastKnownFileType = sourcecode.swift; path = SearchViewController.swift; sourceTree = "<group>"; };
		DE641BC02A77998200DBFC9E /* Base */ = {isa = PBXFileReference; lastKnownFileType = file.storyboard; name = Base; path = Base.lproj/Main.storyboard; sourceTree = "<group>"; };
		DE641BC22A77998300DBFC9E /* Assets.xcassets */ = {isa = PBXFileReference; lastKnownFileType = folder.assetcatalog; path = Assets.xcassets; sourceTree = "<group>"; };
		DE641BC52A77998300DBFC9E /* Base */ = {isa = PBXFileReference; lastKnownFileType = file.storyboard; name = Base; path = Base.lproj/LaunchScreen.storyboard; sourceTree = "<group>"; };
		DE641BC72A77998300DBFC9E /* Info.plist */ = {isa = PBXFileReference; lastKnownFileType = text.plist.xml; path = Info.plist; sourceTree = "<group>"; };
		DE641BCD2A779A0300DBFC9E /* BookWARMCollectionViewController.swift */ = {isa = PBXFileReference; lastKnownFileType = sourcecode.swift; path = BookWARMCollectionViewController.swift; sourceTree = "<group>"; };
		DE641BD12A779A4000DBFC9E /* BookCollectionViewCell.swift */ = {isa = PBXFileReference; lastKnownFileType = sourcecode.swift; path = BookCollectionViewCell.swift; sourceTree = "<group>"; };
		DE641BD22A779A4000DBFC9E /* BookCollectionViewCell.xib */ = {isa = PBXFileReference; lastKnownFileType = file.xib; path = BookCollectionViewCell.xib; sourceTree = "<group>"; };
		DE641BD52A779AAB00DBFC9E /* MovieInfo.swift */ = {isa = PBXFileReference; fileEncoding = 4; lastKnownFileType = sourcecode.swift; path = MovieInfo.swift; sourceTree = "<group>"; };
		DE641BD72A779ACC00DBFC9E /* Movie.swift */ = {isa = PBXFileReference; lastKnownFileType = sourcecode.swift; path = Movie.swift; sourceTree = SOURCE_ROOT; };
		DE72A57D2A77B1B1003E734E /* DetailViewController.swift */ = {isa = PBXFileReference; lastKnownFileType = sourcecode.swift; path = DetailViewController.swift; sourceTree = SOURCE_ROOT; };
		DE8164122A7A87FC00E9CBA0 /* DiscoverViewController.swift */ = {isa = PBXFileReference; lastKnownFileType = sourcecode.swift; path = DiscoverViewController.swift; sourceTree = "<group>"; };
		DEB669D92A7A91720088ADCF /* PopularMovieTableViewCell.swift */ = {isa = PBXFileReference; lastKnownFileType = sourcecode.swift; path = PopularMovieTableViewCell.swift; sourceTree = "<group>"; };
		DEB669DA2A7A91720088ADCF /* PopularMovieTableViewCell.xib */ = {isa = PBXFileReference; lastKnownFileType = file.xib; path = PopularMovieTableViewCell.xib; sourceTree = "<group>"; };
		DEB669DD2A7A930D0088ADCF /* RecentMovieCollectionViewCell.swift */ = {isa = PBXFileReference; lastKnownFileType = sourcecode.swift; path = RecentMovieCollectionViewCell.swift; sourceTree = "<group>"; };
		DEB669DE2A7A930D0088ADCF /* RecentMovieCollectionViewCell.xib */ = {isa = PBXFileReference; lastKnownFileType = file.xib; path = RecentMovieCollectionViewCell.xib; sourceTree = "<group>"; };
/* End PBXFileReference section */

/* Begin PBXFrameworksBuildPhase section */
		DE641BB32A77998200DBFC9E /* Frameworks */ = {
			isa = PBXFrameworksBuildPhase;
			buildActionMask = 2147483647;
			files = (
			);
			runOnlyForDeploymentPostprocessing = 0;
		};
/* End PBXFrameworksBuildPhase section */

/* Begin PBXGroup section */
		DE641BAD2A77998200DBFC9E = {
			isa = PBXGroup;
			children = (
				DE641BB82A77998200DBFC9E /* BOOKWARM */,
				DE641BB72A77998200DBFC9E /* Products */,
			);
			sourceTree = "<group>";
		};
		DE641BB72A77998200DBFC9E /* Products */ = {
			isa = PBXGroup;
			children = (
				DE641BB62A77998200DBFC9E /* BOOKWARM.app */,
			);
			name = Products;
			sourceTree = "<group>";
		};
		DE641BB82A77998200DBFC9E /* BOOKWARM */ = {
			isa = PBXGroup;
			children = (
				DE72A57D2A77B1B1003E734E /* DetailViewController.swift */,
				DE641BD72A779ACC00DBFC9E /* Movie.swift */,
				DE641BB92A77998200DBFC9E /* AppDelegate.swift */,
				DE641BBB2A77998200DBFC9E /* SceneDelegate.swift */,
				DE641BBD2A77998200DBFC9E /* SearchViewController.swift */,
				DE641BBF2A77998200DBFC9E /* Main.storyboard */,
				DEB669DD2A7A930D0088ADCF /* RecentMovieCollectionViewCell.swift */,
				DEB669DE2A7A930D0088ADCF /* RecentMovieCollectionViewCell.xib */,
				DEB669D92A7A91720088ADCF /* PopularMovieTableViewCell.swift */,
				DEB669DA2A7A91720088ADCF /* PopularMovieTableViewCell.xib */,
				DE8164122A7A87FC00E9CBA0 /* DiscoverViewController.swift */,
				DE641BD12A779A4000DBFC9E /* BookCollectionViewCell.swift */,
				DE641BD22A779A4000DBFC9E /* BookCollectionViewCell.xib */,
				DE641BCD2A779A0300DBFC9E /* BookWARMCollectionViewController.swift */,
				DE641BC22A77998300DBFC9E /* Assets.xcassets */,
				DE641BC42A77998300DBFC9E /* LaunchScreen.storyboard */,
				DE641BC72A77998300DBFC9E /* Info.plist */,
				DE641BD52A779AAB00DBFC9E /* MovieInfo.swift */,
			);
			path = BOOKWARM;
			sourceTree = "<group>";
		};
/* End PBXGroup section */

/* Begin PBXNativeTarget section */
		DE641BB52A77998200DBFC9E /* BOOKWARM */ = {
			isa = PBXNativeTarget;
			buildConfigurationList = DE641BCA2A77998300DBFC9E /* Build configuration list for PBXNativeTarget "BOOKWARM" */;
			buildPhases = (
				DE641BB22A77998200DBFC9E /* Sources */,
				DE641BB32A77998200DBFC9E /* Frameworks */,
				DE641BB42A77998200DBFC9E /* Resources */,
			);
			buildRules = (
			);
			dependencies = (
			);
			name = BOOKWARM;
			productName = BOOKWARM;
			productReference = DE641BB62A77998200DBFC9E /* BOOKWARM.app */;
			productType = "com.apple.product-type.application";
		};
/* End PBXNativeTarget section */

/* Begin PBXProject section */
		DE641BAE2A77998200DBFC9E /* Project object */ = {
			isa = PBXProject;
			attributes = {
				BuildIndependentTargetsInParallel = 1;
				LastSwiftUpdateCheck = 1430;
				LastUpgradeCheck = 1430;
				TargetAttributes = {
					DE641BB52A77998200DBFC9E = {
						CreatedOnToolsVersion = 14.3.1;
					};
				};
			};
			buildConfigurationList = DE641BB12A77998200DBFC9E /* Build configuration list for PBXProject "BOOKWARM" */;
			compatibilityVersion = "Xcode 14.0";
			developmentRegion = en;
			hasScannedForEncodings = 0;
			knownRegions = (
				en,
				Base,
			);
			mainGroup = DE641BAD2A77998200DBFC9E;
			productRefGroup = DE641BB72A77998200DBFC9E /* Products */;
			projectDirPath = "";
			projectRoot = "";
			targets = (
				DE641BB52A77998200DBFC9E /* BOOKWARM */,
			);
		};
/* End PBXProject section */

/* Begin PBXResourcesBuildPhase section */
		DE641BB42A77998200DBFC9E /* Resources */ = {
			isa = PBXResourcesBuildPhase;
			buildActionMask = 2147483647;
			files = (
				DE641BC62A77998300DBFC9E /* LaunchScreen.storyboard in Resources */,
				DEB669DC2A7A91720088ADCF /* PopularMovieTableViewCell.xib in Resources */,
				DE641BD42A779A4000DBFC9E /* BookCollectionViewCell.xib in Resources */,
				DE641BC32A77998300DBFC9E /* Assets.xcassets in Resources */,
				DEB669E02A7A930D0088ADCF /* RecentMovieCollectionViewCell.xib in Resources */,
				DE641BC12A77998200DBFC9E /* Main.storyboard in Resources */,
			);
			runOnlyForDeploymentPostprocessing = 0;
		};
/* End PBXResourcesBuildPhase section */

/* Begin PBXSourcesBuildPhase section */
		DE641BB22A77998200DBFC9E /* Sources */ = {
			isa = PBXSourcesBuildPhase;
			buildActionMask = 2147483647;
			files = (
				DE8164132A7A87FC00E9CBA0 /* DiscoverViewController.swift in Sources */,
				DE641BD82A779ACD00DBFC9E /* Movie.swift in Sources */,
				DE641BBE2A77998200DBFC9E /* SearchViewController.swift in Sources */,
				DE641BBA2A77998200DBFC9E /* AppDelegate.swift in Sources */,
				DE641BCE2A779A0300DBFC9E /* BookWARMCollectionViewController.swift in Sources */,
				DE641BD32A779A4000DBFC9E /* BookCollectionViewCell.swift in Sources */,
				DEB669DF2A7A930D0088ADCF /* RecentMovieCollectionViewCell.swift in Sources */,
				DE641BD62A779AAB00DBFC9E /* MovieInfo.swift in Sources */,
				DE641BBC2A77998200DBFC9E /* SceneDelegate.swift in Sources */,
				DEB669DB2A7A91720088ADCF /* PopularMovieTableViewCell.swift in Sources */,
				DE72A57E2A77B1B1003E734E /* DetailViewController.swift in Sources */,
			);
			runOnlyForDeploymentPostprocessing = 0;
		};
/* End PBXSourcesBuildPhase section */

/* Begin PBXVariantGroup section */
		DE641BBF2A77998200DBFC9E /* Main.storyboard */ = {
			isa = PBXVariantGroup;
			children = (
				DE641BC02A77998200DBFC9E /* Base */,
			);
			name = Main.storyboard;
			sourceTree = "<group>";
		};
		DE641BC42A77998300DBFC9E /* LaunchScreen.storyboard */ = {
			isa = PBXVariantGroup;
			children = (
				DE641BC52A77998300DBFC9E /* Base */,
			);
			name = LaunchScreen.storyboard;
			sourceTree = "<group>";
		};
/* End PBXVariantGroup section */

/* Begin XCBuildConfiguration section */
		DE641BC82A77998300DBFC9E /* Debug */ = {
			isa = XCBuildConfiguration;
			buildSettings = {
				ALWAYS_SEARCH_USER_PATHS = NO;
				CLANG_ANALYZER_NONNULL = YES;
				CLANG_ANALYZER_NUMBER_OBJECT_CONVERSION = YES_AGGRESSIVE;
				CLANG_CXX_LANGUAGE_STANDARD = "gnu++20";
				CLANG_ENABLE_MODULES = YES;
				CLANG_ENABLE_OBJC_ARC = YES;
				CLANG_ENABLE_OBJC_WEAK = YES;
				CLANG_WARN_BLOCK_CAPTURE_AUTORELEASING = YES;
				CLANG_WARN_BOOL_CONVERSION = YES;
				CLANG_WARN_COMMA = YES;
				CLANG_WARN_CONSTANT_CONVERSION = YES;
				CLANG_WARN_DEPRECATED_OBJC_IMPLEMENTATIONS = YES;
				CLANG_WARN_DIRECT_OBJC_ISA_USAGE = YES_ERROR;
				CLANG_WARN_DOCUMENTATION_COMMENTS = YES;
				CLANG_WARN_EMPTY_BODY = YES;
				CLANG_WARN_ENUM_CONVERSION = YES;
				CLANG_WARN_INFINITE_RECURSION = YES;
				CLANG_WARN_INT_CONVERSION = YES;
				CLANG_WARN_NON_LITERAL_NULL_CONVERSION = YES;
				CLANG_WARN_OBJC_IMPLICIT_RETAIN_SELF = YES;
				CLANG_WARN_OBJC_LITERAL_CONVERSION = YES;
				CLANG_WARN_OBJC_ROOT_CLASS = YES_ERROR;
				CLANG_WARN_QUOTED_INCLUDE_IN_FRAMEWORK_HEADER = YES;
				CLANG_WARN_RANGE_LOOP_ANALYSIS = YES;
				CLANG_WARN_STRICT_PROTOTYPES = YES;
				CLANG_WARN_SUSPICIOUS_MOVE = YES;
				CLANG_WARN_UNGUARDED_AVAILABILITY = YES_AGGRESSIVE;
				CLANG_WARN_UNREACHABLE_CODE = YES;
				CLANG_WARN__DUPLICATE_METHOD_MATCH = YES;
				COPY_PHASE_STRIP = NO;
				DEBUG_INFORMATION_FORMAT = dwarf;
				ENABLE_STRICT_OBJC_MSGSEND = YES;
				ENABLE_TESTABILITY = YES;
				GCC_C_LANGUAGE_STANDARD = gnu11;
				GCC_DYNAMIC_NO_PIC = NO;
				GCC_NO_COMMON_BLOCKS = YES;
				GCC_OPTIMIZATION_LEVEL = 0;
				GCC_PREPROCESSOR_DEFINITIONS = (
					"DEBUG=1",
					"$(inherited)",
				);
				GCC_WARN_64_TO_32_BIT_CONVERSION = YES;
				GCC_WARN_ABOUT_RETURN_TYPE = YES_ERROR;
				GCC_WARN_UNDECLARED_SELECTOR = YES;
				GCC_WARN_UNINITIALIZED_AUTOS = YES_AGGRESSIVE;
				GCC_WARN_UNUSED_FUNCTION = YES;
				GCC_WARN_UNUSED_VARIABLE = YES;
				IPHONEOS_DEPLOYMENT_TARGET = 16.4;
				MTL_ENABLE_DEBUG_INFO = INCLUDE_SOURCE;
				MTL_FAST_MATH = YES;
				ONLY_ACTIVE_ARCH = YES;
				SDKROOT = iphoneos;
				SWIFT_ACTIVE_COMPILATION_CONDITIONS = DEBUG;
				SWIFT_OPTIMIZATION_LEVEL = "-Onone";
			};
			name = Debug;
		};
		DE641BC92A77998300DBFC9E /* Release */ = {
			isa = XCBuildConfiguration;
			buildSettings = {
				ALWAYS_SEARCH_USER_PATHS = NO;
				CLANG_ANALYZER_NONNULL = YES;
				CLANG_ANALYZER_NUMBER_OBJECT_CONVERSION = YES_AGGRESSIVE;
				CLANG_CXX_LANGUAGE_STANDARD = "gnu++20";
				CLANG_ENABLE_MODULES = YES;
				CLANG_ENABLE_OBJC_ARC = YES;
				CLANG_ENABLE_OBJC_WEAK = YES;
				CLANG_WARN_BLOCK_CAPTURE_AUTORELEASING = YES;
				CLANG_WARN_BOOL_CONVERSION = YES;
				CLANG_WARN_COMMA = YES;
				CLANG_WARN_CONSTANT_CONVERSION = YES;
				CLANG_WARN_DEPRECATED_OBJC_IMPLEMENTATIONS = YES;
				CLANG_WARN_DIRECT_OBJC_ISA_USAGE = YES_ERROR;
				CLANG_WARN_DOCUMENTATION_COMMENTS = YES;
				CLANG_WARN_EMPTY_BODY = YES;
				CLANG_WARN_ENUM_CONVERSION = YES;
				CLANG_WARN_INFINITE_RECURSION = YES;
				CLANG_WARN_INT_CONVERSION = YES;
				CLANG_WARN_NON_LITERAL_NULL_CONVERSION = YES;
				CLANG_WARN_OBJC_IMPLICIT_RETAIN_SELF = YES;
				CLANG_WARN_OBJC_LITERAL_CONVERSION = YES;
				CLANG_WARN_OBJC_ROOT_CLASS = YES_ERROR;
				CLANG_WARN_QUOTED_INCLUDE_IN_FRAMEWORK_HEADER = YES;
				CLANG_WARN_RANGE_LOOP_ANALYSIS = YES;
				CLANG_WARN_STRICT_PROTOTYPES = YES;
				CLANG_WARN_SUSPICIOUS_MOVE = YES;
				CLANG_WARN_UNGUARDED_AVAILABILITY = YES_AGGRESSIVE;
				CLANG_WARN_UNREACHABLE_CODE = YES;
				CLANG_WARN__DUPLICATE_METHOD_MATCH = YES;
				COPY_PHASE_STRIP = NO;
				DEBUG_INFORMATION_FORMAT = "dwarf-with-dsym";
				ENABLE_NS_ASSERTIONS = NO;
				ENABLE_STRICT_OBJC_MSGSEND = YES;
				GCC_C_LANGUAGE_STANDARD = gnu11;
				GCC_NO_COMMON_BLOCKS = YES;
				GCC_WARN_64_TO_32_BIT_CONVERSION = YES;
				GCC_WARN_ABOUT_RETURN_TYPE = YES_ERROR;
				GCC_WARN_UNDECLARED_SELECTOR = YES;
				GCC_WARN_UNINITIALIZED_AUTOS = YES_AGGRESSIVE;
				GCC_WARN_UNUSED_FUNCTION = YES;
				GCC_WARN_UNUSED_VARIABLE = YES;
				IPHONEOS_DEPLOYMENT_TARGET = 16.4;
				MTL_ENABLE_DEBUG_INFO = NO;
				MTL_FAST_MATH = YES;
				SDKROOT = iphoneos;
				SWIFT_COMPILATION_MODE = wholemodule;
				SWIFT_OPTIMIZATION_LEVEL = "-O";
				VALIDATE_PRODUCT = YES;
			};
			name = Release;
		};
		DE641BCB2A77998300DBFC9E /* Debug */ = {
			isa = XCBuildConfiguration;
			buildSettings = {
				ASSETCATALOG_COMPILER_APPICON_NAME = AppIcon;
				ASSETCATALOG_COMPILER_GLOBAL_ACCENT_COLOR_NAME = AccentColor;
				CODE_SIGN_STYLE = Automatic;
				CURRENT_PROJECT_VERSION = 1;
				GENERATE_INFOPLIST_FILE = YES;
				INFOPLIST_FILE = BOOKWARM/Info.plist;
				INFOPLIST_KEY_UIApplicationSupportsIndirectInputEvents = YES;
				INFOPLIST_KEY_UILaunchStoryboardName = LaunchScreen;
				INFOPLIST_KEY_UIMainStoryboardFile = Main;
				INFOPLIST_KEY_UISupportedInterfaceOrientations_iPad = "UIInterfaceOrientationPortrait UIInterfaceOrientationPortraitUpsideDown UIInterfaceOrientationLandscapeLeft UIInterfaceOrientationLandscapeRight";
				INFOPLIST_KEY_UISupportedInterfaceOrientations_iPhone = "UIInterfaceOrientationPortrait UIInterfaceOrientationLandscapeLeft UIInterfaceOrientationLandscapeRight";
				IPHONEOS_DEPLOYMENT_TARGET = 16.0;
				LD_RUNPATH_SEARCH_PATHS = (
					"$(inherited)",
					"@executable_path/Frameworks",
				);
				MARKETING_VERSION = 1.0;
				PRODUCT_BUNDLE_IDENTIFIER = com.sesac.BOOKWARM;
				PRODUCT_NAME = "$(TARGET_NAME)";
				SUPPORTED_PLATFORMS = "iphoneos iphonesimulator";
				SUPPORTS_MACCATALYST = NO;
				SUPPORTS_MAC_DESIGNED_FOR_IPHONE_IPAD = NO;
				SWIFT_EMIT_LOC_STRINGS = YES;
				SWIFT_VERSION = 5.0;
				TARGETED_DEVICE_FAMILY = 1;
			};
			name = Debug;
		};
		DE641BCC2A77998300DBFC9E /* Release */ = {
			isa = XCBuildConfiguration;
			buildSettings = {
				ASSETCATALOG_COMPILER_APPICON_NAME = AppIcon;
				ASSETCATALOG_COMPILER_GLOBAL_ACCENT_COLOR_NAME = AccentColor;
				CODE_SIGN_STYLE = Automatic;
				CURRENT_PROJECT_VERSION = 1;
				GENERATE_INFOPLIST_FILE = YES;
				INFOPLIST_FILE = BOOKWARM/Info.plist;
				INFOPLIST_KEY_UIApplicationSupportsIndirectInputEvents = YES;
				INFOPLIST_KEY_UILaunchStoryboardName = LaunchScreen;
				INFOPLIST_KEY_UIMainStoryboardFile = Main;
				INFOPLIST_KEY_UISupportedInterfaceOrientations_iPad = "UIInterfaceOrientationPortrait UIInterfaceOrientationPortraitUpsideDown UIInterfaceOrientationLandscapeLeft UIInterfaceOrientationLandscapeRight";
				INFOPLIST_KEY_UISupportedInterfaceOrientations_iPhone = "UIInterfaceOrientationPortrait UIInterfaceOrientationLandscapeLeft UIInterfaceOrientationLandscapeRight";
				IPHONEOS_DEPLOYMENT_TARGET = 16.0;
				LD_RUNPATH_SEARCH_PATHS = (
					"$(inherited)",
					"@executable_path/Frameworks",
				);
				MARKETING_VERSION = 1.0;
				PRODUCT_BUNDLE_IDENTIFIER = com.sesac.BOOKWARM;
				PRODUCT_NAME = "$(TARGET_NAME)";
				SUPPORTED_PLATFORMS = "iphoneos iphonesimulator";
				SUPPORTS_MACCATALYST = NO;
				SUPPORTS_MAC_DESIGNED_FOR_IPHONE_IPAD = NO;
				SWIFT_EMIT_LOC_STRINGS = YES;
				SWIFT_VERSION = 5.0;
				TARGETED_DEVICE_FAMILY = 1;
			};
			name = Release;
		};
/* End XCBuildConfiguration section */

/* Begin XCConfigurationList section */
		DE641BB12A77998200DBFC9E /* Build configuration list for PBXProject "BOOKWARM" */ = {
			isa = XCConfigurationList;
			buildConfigurations = (
				DE641BC82A77998300DBFC9E /* Debug */,
				DE641BC92A77998300DBFC9E /* Release */,
			);
			defaultConfigurationIsVisible = 0;
			defaultConfigurationName = Release;
		};
		DE641BCA2A77998300DBFC9E /* Build configuration list for PBXNativeTarget "BOOKWARM" */ = {
			isa = XCConfigurationList;
			buildConfigurations = (
				DE641BCB2A77998300DBFC9E /* Debug */,
				DE641BCC2A77998300DBFC9E /* Release */,
			);
			defaultConfigurationIsVisible = 0;
			defaultConfigurationName = Release;
		};
/* End XCConfigurationList section */
	};
	rootObject = DE641BAE2A77998200DBFC9E /* Project object */;
}
